// !$*UTF8*$!
{
	archiveVersion = 1;
	classes = {
	};
	objectVersion = 56;
	objects = {

/* Begin PBXBuildFile section */
		3062D6492C4C3A0500F8AD34 /* LocalStorageManager.swift in Sources */ = {isa = PBXBuildFile; fileRef = 3062D6482C4C3A0500F8AD34 /* LocalStorageManager.swift */; };
		3062D64B2C4C57C400F8AD34 /* Hole.swift in Sources */ = {isa = PBXBuildFile; fileRef = 3062D64A2C4C57C400F8AD34 /* Hole.swift */; };
		3065A1082C4C2AF100028D15 /* HoleDetailView.swift in Sources */ = {isa = PBXBuildFile; fileRef = 3065A1072C4C2AF100028D15 /* HoleDetailView.swift */; };
		3065A10A2C4C2AF800028D15 /* HoleDetailViewModel.swift in Sources */ = {isa = PBXBuildFile; fileRef = 3065A1092C4C2AF800028D15 /* HoleDetailViewModel.swift */; };
		3065A10C2C4C2C6A00028D15 /* SearchBar.swift in Sources */ = {isa = PBXBuildFile; fileRef = 3065A10B2C4C2C6A00028D15 /* SearchBar.swift */; };
		308BE26C2BF534F200C3246C /* Simplify_GolfApp.swift in Sources */ = {isa = PBXBuildFile; fileRef = 308BE26B2BF534F200C3246C /* Simplify_GolfApp.swift */; };
		308BE26E2BF534F200C3246C /* ContentView.swift in Sources */ = {isa = PBXBuildFile; fileRef = 308BE26D2BF534F200C3246C /* ContentView.swift */; };
		308BE2702BF534F300C3246C /* Assets.xcassets in Resources */ = {isa = PBXBuildFile; fileRef = 308BE26F2BF534F300C3246C /* Assets.xcassets */; };
		308BE2732BF534F300C3246C /* Preview Assets.xcassets in Resources */ = {isa = PBXBuildFile; fileRef = 308BE2722BF534F300C3246C /* Preview Assets.xcassets */; };
		308BE2802BF536AC00C3246C /* Simplify_Golf_WatchApp.swift in Sources */ = {isa = PBXBuildFile; fileRef = 308BE27F2BF536AC00C3246C /* Simplify_Golf_WatchApp.swift */; };
		308BE2822BF536AC00C3246C /* ContentView.swift in Sources */ = {isa = PBXBuildFile; fileRef = 308BE2812BF536AC00C3246C /* ContentView.swift */; };
		308BE2842BF536AD00C3246C /* Assets.xcassets in Resources */ = {isa = PBXBuildFile; fileRef = 308BE2832BF536AD00C3246C /* Assets.xcassets */; };
		308BE2872BF536AD00C3246C /* Preview Assets.xcassets in Resources */ = {isa = PBXBuildFile; fileRef = 308BE2862BF536AD00C3246C /* Preview Assets.xcassets */; };
		308BE28A2BF536AD00C3246C /* Simplify Golf Watch Watch App.app in Embed Watch Content */ = {isa = PBXBuildFile; fileRef = 308BE27D2BF536AC00C3246C /* Simplify Golf Watch Watch App.app */; settings = {ATTRIBUTES = (RemoveHeadersOnCopy, ); }; };
		30C97FF22C408AE1009BF89E /* courses.json in Resources */ = {isa = PBXBuildFile; fileRef = 30C97FF12C408AD5009BF89E /* courses.json */; };
		30F9ED6C2C499DE000F3AC55 /* Course.swift in Sources */ = {isa = PBXBuildFile; fileRef = 30F9ED6B2C499DDF00F3AC55 /* Course.swift */; };
		30F9ED702C499E1600F3AC55 /* GolfRound.swift in Sources */ = {isa = PBXBuildFile; fileRef = 30F9ED6F2C499E1600F3AC55 /* GolfRound.swift */; };
		30F9ED722C499F5800F3AC55 /* GoogleService-Info.plist in Resources */ = {isa = PBXBuildFile; fileRef = 30F9ED712C499F5800F3AC55 /* GoogleService-Info.plist */; };
		30F9ED752C49A00900F3AC55 /* FirebaseAnalytics in Frameworks */ = {isa = PBXBuildFile; productRef = 30F9ED742C49A00900F3AC55 /* FirebaseAnalytics */; };
		30F9ED772C49A00900F3AC55 /* FirebaseAuth in Frameworks */ = {isa = PBXBuildFile; productRef = 30F9ED762C49A00900F3AC55 /* FirebaseAuth */; };
		30F9ED792C49A00900F3AC55 /* FirebaseFirestore in Frameworks */ = {isa = PBXBuildFile; productRef = 30F9ED782C49A00900F3AC55 /* FirebaseFirestore */; };
		30F9ED7B2C49A00900F3AC55 /* FirebaseFirestoreSwift in Frameworks */ = {isa = PBXBuildFile; productRef = 30F9ED7A2C49A00900F3AC55 /* FirebaseFirestoreSwift */; };
		30F9ED7D2C49A00900F3AC55 /* FirebaseStorage in Frameworks */ = {isa = PBXBuildFile; productRef = 30F9ED7C2C49A00900F3AC55 /* FirebaseStorage */; };
		30F9ED7F2C49A0DB00F3AC55 /* AuthenticationViewModel.swift in Sources */ = {isa = PBXBuildFile; fileRef = 30F9ED7E2C49A0DB00F3AC55 /* AuthenticationViewModel.swift */; };
		30F9ED812C49A0EB00F3AC55 /* CourseViewModel.swift in Sources */ = {isa = PBXBuildFile; fileRef = 30F9ED802C49A0EB00F3AC55 /* CourseViewModel.swift */; };
		30F9ED832C49A0FC00F3AC55 /* RoundViewModel.swift in Sources */ = {isa = PBXBuildFile; fileRef = 30F9ED822C49A0FC00F3AC55 /* RoundViewModel.swift */; };
		30F9ED892C49A14800F3AC55 /* AuthenticationView.swift in Sources */ = {isa = PBXBuildFile; fileRef = 30F9ED882C49A14800F3AC55 /* AuthenticationView.swift */; };
		30F9ED8B2C49A32800F3AC55 /* AuthenticationService.swift in Sources */ = {isa = PBXBuildFile; fileRef = 30F9ED8A2C49A32800F3AC55 /* AuthenticationService.swift */; };
		30F9ED8D2C49A40F00F3AC55 /* ContentViewModel.swift in Sources */ = {isa = PBXBuildFile; fileRef = 30F9ED8C2C49A40F00F3AC55 /* ContentViewModel.swift */; };
		30F9ED8F2C49A42800F3AC55 /* StartRoundView.swift in Sources */ = {isa = PBXBuildFile; fileRef = 30F9ED8E2C49A42800F3AC55 /* StartRoundView.swift */; };
		30F9ED912C49A42E00F3AC55 /* PastRoundsView.swift in Sources */ = {isa = PBXBuildFile; fileRef = 30F9ED902C49A42E00F3AC55 /* PastRoundsView.swift */; };
		30F9ED932C49A43600F3AC55 /* StatisticsView.swift in Sources */ = {isa = PBXBuildFile; fileRef = 30F9ED922C49A43600F3AC55 /* StatisticsView.swift */; };
		30F9ED952C49A43C00F3AC55 /* HandicapView.swift in Sources */ = {isa = PBXBuildFile; fileRef = 30F9ED942C49A43C00F3AC55 /* HandicapView.swift */; };
		30F9ED982C49AA4700F3AC55 /* StartRoundViewModel.swift in Sources */ = {isa = PBXBuildFile; fileRef = 30F9ED972C49AA4700F3AC55 /* StartRoundViewModel.swift */; };
		30F9ED9A2C49ABEB00F3AC55 /* RoundInProgressView.swift in Sources */ = {isa = PBXBuildFile; fileRef = 30F9ED992C49ABEB00F3AC55 /* RoundInProgressView.swift */; };
		30F9ED9C2C49D97B00F3AC55 /* RoundInProgressViewModel.swift in Sources */ = {isa = PBXBuildFile; fileRef = 30F9ED9B2C49D97B00F3AC55 /* RoundInProgressViewModel.swift */; };
		30F9ED9E2C49DA8000F3AC55 /* PastRoundsViewModel.swift in Sources */ = {isa = PBXBuildFile; fileRef = 30F9ED9D2C49DA8000F3AC55 /* PastRoundsViewModel.swift */; };
		30F9EDA02C49DC4500F3AC55 /* StatisticsViewModel.swift in Sources */ = {isa = PBXBuildFile; fileRef = 30F9ED9F2C49DC4500F3AC55 /* StatisticsViewModel.swift */; };
		30F9EDA22C49DD4E00F3AC55 /* HandicapViewModel.swift in Sources */ = {isa = PBXBuildFile; fileRef = 30F9EDA12C49DD4E00F3AC55 /* HandicapViewModel.swift */; };
		30F9EDA42C49DEE500F3AC55 /* CourseManagementViewModel.swift in Sources */ = {isa = PBXBuildFile; fileRef = 30F9EDA32C49DEE500F3AC55 /* CourseManagementViewModel.swift */; };
		30F9EDA62C49DEEE00F3AC55 /* CourseManagementView.swift in Sources */ = {isa = PBXBuildFile; fileRef = 30F9EDA52C49DEEE00F3AC55 /* CourseManagementView.swift */; };
		30F9EDA82C4BECC100F3AC55 /* AddCourseMapView.swift in Sources */ = {isa = PBXBuildFile; fileRef = 30F9EDA72C4BECC100F3AC55 /* AddCourseMapView.swift */; };
		30F9EDAA2C4BECD100F3AC55 /* AddCourseMapViewModel.swift in Sources */ = {isa = PBXBuildFile; fileRef = 30F9EDA92C4BECD100F3AC55 /* AddCourseMapViewModel.swift */; };
		30F9EDAC2C4BF0BC00F3AC55 /* AddNewCourseView.swift in Sources */ = {isa = PBXBuildFile; fileRef = 30F9EDAB2C4BF0BC00F3AC55 /* AddNewCourseView.swift */; };
		30F9EDAE2C4BF0E200F3AC55 /* CourseRatingInputView.swift in Sources */ = {isa = PBXBuildFile; fileRef = 30F9EDAD2C4BF0E200F3AC55 /* CourseRatingInputView.swift */; };
/* End PBXBuildFile section */

/* Begin PBXContainerItemProxy section */
		308BE2882BF536AD00C3246C /* PBXContainerItemProxy */ = {
			isa = PBXContainerItemProxy;
			containerPortal = 308BE2602BF534F200C3246C /* Project object */;
			proxyType = 1;
			remoteGlobalIDString = 308BE27C2BF536AC00C3246C;
			remoteInfo = "Simplify Golf Watch Watch App";
		};
/* End PBXContainerItemProxy section */

/* Begin PBXCopyFilesBuildPhase section */
		308BE28E2BF536AD00C3246C /* Embed Watch Content */ = {
			isa = PBXCopyFilesBuildPhase;
			buildActionMask = 2147483647;
			dstPath = "$(CONTENTS_FOLDER_PATH)/Watch";
			dstSubfolderSpec = 16;
			files = (
				308BE28A2BF536AD00C3246C /* Simplify Golf Watch Watch App.app in Embed Watch Content */,
			);
			name = "Embed Watch Content";
			runOnlyForDeploymentPostprocessing = 0;
		};
/* End PBXCopyFilesBuildPhase section */

/* Begin PBXFileReference section */
		3062D6482C4C3A0500F8AD34 /* LocalStorageManager.swift */ = {isa = PBXFileReference; lastKnownFileType = sourcecode.swift; path = LocalStorageManager.swift; sourceTree = "<group>"; };
		3062D64A2C4C57C400F8AD34 /* Hole.swift */ = {isa = PBXFileReference; lastKnownFileType = sourcecode.swift; path = Hole.swift; sourceTree = "<group>"; };
		3065A1072C4C2AF100028D15 /* HoleDetailView.swift */ = {isa = PBXFileReference; lastKnownFileType = sourcecode.swift; path = HoleDetailView.swift; sourceTree = "<group>"; };
		3065A1092C4C2AF800028D15 /* HoleDetailViewModel.swift */ = {isa = PBXFileReference; lastKnownFileType = sourcecode.swift; path = HoleDetailViewModel.swift; sourceTree = "<group>"; };
		3065A10B2C4C2C6A00028D15 /* SearchBar.swift */ = {isa = PBXFileReference; lastKnownFileType = sourcecode.swift; path = SearchBar.swift; sourceTree = "<group>"; };
		308BE2682BF534F200C3246C /* Simplify Golf.app */ = {isa = PBXFileReference; explicitFileType = wrapper.application; includeInIndex = 0; path = "Simplify Golf.app"; sourceTree = BUILT_PRODUCTS_DIR; };
		308BE26B2BF534F200C3246C /* Simplify_GolfApp.swift */ = {isa = PBXFileReference; lastKnownFileType = sourcecode.swift; path = Simplify_GolfApp.swift; sourceTree = "<group>"; };
		308BE26D2BF534F200C3246C /* ContentView.swift */ = {isa = PBXFileReference; lastKnownFileType = sourcecode.swift; path = ContentView.swift; sourceTree = "<group>"; };
		308BE26F2BF534F300C3246C /* Assets.xcassets */ = {isa = PBXFileReference; lastKnownFileType = folder.assetcatalog; path = Assets.xcassets; sourceTree = "<group>"; };
		308BE2722BF534F300C3246C /* Preview Assets.xcassets */ = {isa = PBXFileReference; lastKnownFileType = folder.assetcatalog; path = "Preview Assets.xcassets"; sourceTree = "<group>"; };
		308BE27D2BF536AC00C3246C /* Simplify Golf Watch Watch App.app */ = {isa = PBXFileReference; explicitFileType = wrapper.application; includeInIndex = 0; path = "Simplify Golf Watch Watch App.app"; sourceTree = BUILT_PRODUCTS_DIR; };
		308BE27F2BF536AC00C3246C /* Simplify_Golf_WatchApp.swift */ = {isa = PBXFileReference; lastKnownFileType = sourcecode.swift; path = Simplify_Golf_WatchApp.swift; sourceTree = "<group>"; };
		308BE2812BF536AC00C3246C /* ContentView.swift */ = {isa = PBXFileReference; lastKnownFileType = sourcecode.swift; path = ContentView.swift; sourceTree = "<group>"; };
		308BE2832BF536AD00C3246C /* Assets.xcassets */ = {isa = PBXFileReference; lastKnownFileType = folder.assetcatalog; path = Assets.xcassets; sourceTree = "<group>"; };
		308BE2862BF536AD00C3246C /* Preview Assets.xcassets */ = {isa = PBXFileReference; lastKnownFileType = folder.assetcatalog; path = "Preview Assets.xcassets"; sourceTree = "<group>"; };
		30C97FF12C408AD5009BF89E /* courses.json */ = {isa = PBXFileReference; lastKnownFileType = text.json; path = courses.json; sourceTree = "<group>"; };
		30F9ED672C42012200F3AC55 /* Simplify Golf.entitlements */ = {isa = PBXFileReference; lastKnownFileType = text.plist.entitlements; path = "Simplify Golf.entitlements"; sourceTree = "<group>"; };
		30F9ED6A2C43337A00F3AC55 /* Simplify-Golf-Info.plist */ = {isa = PBXFileReference; lastKnownFileType = text.plist; path = "Simplify-Golf-Info.plist"; sourceTree = SOURCE_ROOT; };
		30F9ED6B2C499DDF00F3AC55 /* Course.swift */ = {isa = PBXFileReference; lastKnownFileType = sourcecode.swift; path = Course.swift; sourceTree = "<group>"; };
		30F9ED6F2C499E1600F3AC55 /* GolfRound.swift */ = {isa = PBXFileReference; lastKnownFileType = sourcecode.swift; path = GolfRound.swift; sourceTree = "<group>"; };
		30F9ED712C499F5800F3AC55 /* GoogleService-Info.plist */ = {isa = PBXFileReference; lastKnownFileType = text.plist.xml; path = "GoogleService-Info.plist"; sourceTree = "<group>"; };
		30F9ED7E2C49A0DB00F3AC55 /* AuthenticationViewModel.swift */ = {isa = PBXFileReference; lastKnownFileType = sourcecode.swift; path = AuthenticationViewModel.swift; sourceTree = "<group>"; };
		30F9ED802C49A0EB00F3AC55 /* CourseViewModel.swift */ = {isa = PBXFileReference; lastKnownFileType = sourcecode.swift; path = CourseViewModel.swift; sourceTree = "<group>"; };
		30F9ED822C49A0FC00F3AC55 /* RoundViewModel.swift */ = {isa = PBXFileReference; lastKnownFileType = sourcecode.swift; path = RoundViewModel.swift; sourceTree = "<group>"; };
		30F9ED882C49A14800F3AC55 /* AuthenticationView.swift */ = {isa = PBXFileReference; lastKnownFileType = sourcecode.swift; path = AuthenticationView.swift; sourceTree = "<group>"; };
		30F9ED8A2C49A32800F3AC55 /* AuthenticationService.swift */ = {isa = PBXFileReference; lastKnownFileType = sourcecode.swift; path = AuthenticationService.swift; sourceTree = "<group>"; };
		30F9ED8C2C49A40F00F3AC55 /* ContentViewModel.swift */ = {isa = PBXFileReference; lastKnownFileType = sourcecode.swift; path = ContentViewModel.swift; sourceTree = "<group>"; };
		30F9ED8E2C49A42800F3AC55 /* StartRoundView.swift */ = {isa = PBXFileReference; lastKnownFileType = sourcecode.swift; path = StartRoundView.swift; sourceTree = "<group>"; };
		30F9ED902C49A42E00F3AC55 /* PastRoundsView.swift */ = {isa = PBXFileReference; lastKnownFileType = sourcecode.swift; path = PastRoundsView.swift; sourceTree = "<group>"; };
		30F9ED922C49A43600F3AC55 /* StatisticsView.swift */ = {isa = PBXFileReference; lastKnownFileType = sourcecode.swift; path = StatisticsView.swift; sourceTree = "<group>"; };
		30F9ED942C49A43C00F3AC55 /* HandicapView.swift */ = {isa = PBXFileReference; lastKnownFileType = sourcecode.swift; path = HandicapView.swift; sourceTree = "<group>"; };
		30F9ED972C49AA4700F3AC55 /* StartRoundViewModel.swift */ = {isa = PBXFileReference; lastKnownFileType = sourcecode.swift; path = StartRoundViewModel.swift; sourceTree = "<group>"; };
		30F9ED992C49ABEB00F3AC55 /* RoundInProgressView.swift */ = {isa = PBXFileReference; lastKnownFileType = sourcecode.swift; path = RoundInProgressView.swift; sourceTree = "<group>"; };
		30F9ED9B2C49D97B00F3AC55 /* RoundInProgressViewModel.swift */ = {isa = PBXFileReference; lastKnownFileType = sourcecode.swift; path = RoundInProgressViewModel.swift; sourceTree = "<group>"; };
		30F9ED9D2C49DA8000F3AC55 /* PastRoundsViewModel.swift */ = {isa = PBXFileReference; lastKnownFileType = sourcecode.swift; path = PastRoundsViewModel.swift; sourceTree = "<group>"; };
		30F9ED9F2C49DC4500F3AC55 /* StatisticsViewModel.swift */ = {isa = PBXFileReference; lastKnownFileType = sourcecode.swift; path = StatisticsViewModel.swift; sourceTree = "<group>"; };
		30F9EDA12C49DD4E00F3AC55 /* HandicapViewModel.swift */ = {isa = PBXFileReference; lastKnownFileType = sourcecode.swift; path = HandicapViewModel.swift; sourceTree = "<group>"; };
		30F9EDA32C49DEE500F3AC55 /* CourseManagementViewModel.swift */ = {isa = PBXFileReference; lastKnownFileType = sourcecode.swift; path = CourseManagementViewModel.swift; sourceTree = "<group>"; };
		30F9EDA52C49DEEE00F3AC55 /* CourseManagementView.swift */ = {isa = PBXFileReference; lastKnownFileType = sourcecode.swift; path = CourseManagementView.swift; sourceTree = "<group>"; };
		30F9EDA72C4BECC100F3AC55 /* AddCourseMapView.swift */ = {isa = PBXFileReference; lastKnownFileType = sourcecode.swift; path = AddCourseMapView.swift; sourceTree = "<group>"; };
		30F9EDA92C4BECD100F3AC55 /* AddCourseMapViewModel.swift */ = {isa = PBXFileReference; lastKnownFileType = sourcecode.swift; path = AddCourseMapViewModel.swift; sourceTree = "<group>"; };
		30F9EDAB2C4BF0BC00F3AC55 /* AddNewCourseView.swift */ = {isa = PBXFileReference; lastKnownFileType = sourcecode.swift; path = AddNewCourseView.swift; sourceTree = "<group>"; };
		30F9EDAD2C4BF0E200F3AC55 /* CourseRatingInputView.swift */ = {isa = PBXFileReference; lastKnownFileType = sourcecode.swift; path = CourseRatingInputView.swift; sourceTree = "<group>"; };
/* End PBXFileReference section */

/* Begin PBXFrameworksBuildPhase section */
		308BE2652BF534F200C3246C /* Frameworks */ = {
			isa = PBXFrameworksBuildPhase;
			buildActionMask = 2147483647;
			files = (
				30F9ED752C49A00900F3AC55 /* FirebaseAnalytics in Frameworks */,
				30F9ED772C49A00900F3AC55 /* FirebaseAuth in Frameworks */,
				30F9ED792C49A00900F3AC55 /* FirebaseFirestore in Frameworks */,
				30F9ED7D2C49A00900F3AC55 /* FirebaseStorage in Frameworks */,
				30F9ED7B2C49A00900F3AC55 /* FirebaseFirestoreSwift in Frameworks */,
			);
			runOnlyForDeploymentPostprocessing = 0;
		};
		308BE27A2BF536AC00C3246C /* Frameworks */ = {
			isa = PBXFrameworksBuildPhase;
			buildActionMask = 2147483647;
			files = (
			);
			runOnlyForDeploymentPostprocessing = 0;
		};
/* End PBXFrameworksBuildPhase section */

/* Begin PBXGroup section */
		308BE25F2BF534F200C3246C = {
			isa = PBXGroup;
			children = (
				308BE26A2BF534F200C3246C /* Simplify Golf */,
				308BE27E2BF536AC00C3246C /* Simplify Golf Watch Watch App */,
				308BE2692BF534F200C3246C /* Products */,
			);
			sourceTree = "<group>";
		};
		308BE2692BF534F200C3246C /* Products */ = {
			isa = PBXGroup;
			children = (
				308BE2682BF534F200C3246C /* Simplify Golf.app */,
				308BE27D2BF536AC00C3246C /* Simplify Golf Watch Watch App.app */,
			);
			name = Products;
			sourceTree = "<group>";
		};
		308BE26A2BF534F200C3246C /* Simplify Golf */ = {
			isa = PBXGroup;
			children = (
				30F9EDA72C4BECC100F3AC55 /* AddCourseMapView.swift */,
				30F9EDA92C4BECD100F3AC55 /* AddCourseMapViewModel.swift */,
				30F9EDAB2C4BF0BC00F3AC55 /* AddNewCourseView.swift */,
				308BE26F2BF534F300C3246C /* Assets.xcassets */,
				30F9ED8A2C49A32800F3AC55 /* AuthenticationService.swift */,
				30F9ED882C49A14800F3AC55 /* AuthenticationView.swift */,
				30F9ED7E2C49A0DB00F3AC55 /* AuthenticationViewModel.swift */,
				308BE26D2BF534F200C3246C /* ContentView.swift */,
				30F9ED8C2C49A40F00F3AC55 /* ContentViewModel.swift */,
				30F9ED6B2C499DDF00F3AC55 /* Course.swift */,
				30F9EDA52C49DEEE00F3AC55 /* CourseManagementView.swift */,
				30F9EDA32C49DEE500F3AC55 /* CourseManagementViewModel.swift */,
				3062D64A2C4C57C400F8AD34 /* Hole.swift */,
				30F9EDAD2C4BF0E200F3AC55 /* CourseRatingInputView.swift */,
				30C97FF12C408AD5009BF89E /* courses.json */,
				30F9ED802C49A0EB00F3AC55 /* CourseViewModel.swift */,
				30F9ED6F2C499E1600F3AC55 /* GolfRound.swift */,
				30F9ED712C499F5800F3AC55 /* GoogleService-Info.plist */,
				30F9ED942C49A43C00F3AC55 /* HandicapView.swift */,
				30F9EDA12C49DD4E00F3AC55 /* HandicapViewModel.swift */,
				3065A1072C4C2AF100028D15 /* HoleDetailView.swift */,
				3065A1092C4C2AF800028D15 /* HoleDetailViewModel.swift */,
				30F9ED902C49A42E00F3AC55 /* PastRoundsView.swift */,
				3062D6482C4C3A0500F8AD34 /* LocalStorageManager.swift */,
				30F9ED9D2C49DA8000F3AC55 /* PastRoundsViewModel.swift */,
				308BE2712BF534F300C3246C /* Preview Content */,
				30F9ED992C49ABEB00F3AC55 /* RoundInProgressView.swift */,
				30F9ED9B2C49D97B00F3AC55 /* RoundInProgressViewModel.swift */,
				30F9ED822C49A0FC00F3AC55 /* RoundViewModel.swift */,
				30F9ED672C42012200F3AC55 /* Simplify Golf.entitlements */,
				308BE26B2BF534F200C3246C /* Simplify_GolfApp.swift */,
				30F9ED6A2C43337A00F3AC55 /* Simplify-Golf-Info.plist */,
				30F9ED8E2C49A42800F3AC55 /* StartRoundView.swift */,
				30F9ED972C49AA4700F3AC55 /* StartRoundViewModel.swift */,
				30F9ED922C49A43600F3AC55 /* StatisticsView.swift */,
				3065A10B2C4C2C6A00028D15 /* SearchBar.swift */,
				30F9ED9F2C49DC4500F3AC55 /* StatisticsViewModel.swift */,
			);
			path = "Simplify Golf";
			sourceTree = "<group>";
		};
		308BE2712BF534F300C3246C /* Preview Content */ = {
			isa = PBXGroup;
			children = (
				308BE2722BF534F300C3246C /* Preview Assets.xcassets */,
			);
			path = "Preview Content";
			sourceTree = "<group>";
		};
		308BE27E2BF536AC00C3246C /* Simplify Golf Watch Watch App */ = {
			isa = PBXGroup;
			children = (
				308BE27F2BF536AC00C3246C /* Simplify_Golf_WatchApp.swift */,
				308BE2812BF536AC00C3246C /* ContentView.swift */,
				308BE2832BF536AD00C3246C /* Assets.xcassets */,
				308BE2852BF536AD00C3246C /* Preview Content */,
			);
			path = "Simplify Golf Watch Watch App";
			sourceTree = "<group>";
		};
		308BE2852BF536AD00C3246C /* Preview Content */ = {
			isa = PBXGroup;
			children = (
				308BE2862BF536AD00C3246C /* Preview Assets.xcassets */,
			);
			path = "Preview Content";
			sourceTree = "<group>";
		};
/* End PBXGroup section */

/* Begin PBXNativeTarget section */
		308BE2672BF534F200C3246C /* Simplify Golf */ = {
			isa = PBXNativeTarget;
			buildConfigurationList = 308BE2762BF534F300C3246C /* Build configuration list for PBXNativeTarget "Simplify Golf" */;
			buildPhases = (
				308BE2642BF534F200C3246C /* Sources */,
				308BE2652BF534F200C3246C /* Frameworks */,
				308BE2662BF534F200C3246C /* Resources */,
				308BE28E2BF536AD00C3246C /* Embed Watch Content */,
			);
			buildRules = (
			);
			dependencies = (
				308BE2892BF536AD00C3246C /* PBXTargetDependency */,
			);
			name = "Simplify Golf";
			packageProductDependencies = (
				30F9ED742C49A00900F3AC55 /* FirebaseAnalytics */,
				30F9ED762C49A00900F3AC55 /* FirebaseAuth */,
				30F9ED782C49A00900F3AC55 /* FirebaseFirestore */,
				30F9ED7A2C49A00900F3AC55 /* FirebaseFirestoreSwift */,
				30F9ED7C2C49A00900F3AC55 /* FirebaseStorage */,
			);
			productName = "Simplify Golf";
			productReference = 308BE2682BF534F200C3246C /* Simplify Golf.app */;
			productType = "com.apple.product-type.application";
		};
		308BE27C2BF536AC00C3246C /* Simplify Golf Watch Watch App */ = {
			isa = PBXNativeTarget;
			buildConfigurationList = 308BE28B2BF536AD00C3246C /* Build configuration list for PBXNativeTarget "Simplify Golf Watch Watch App" */;
			buildPhases = (
				308BE2792BF536AC00C3246C /* Sources */,
				308BE27A2BF536AC00C3246C /* Frameworks */,
				308BE27B2BF536AC00C3246C /* Resources */,
			);
			buildRules = (
			);
			dependencies = (
			);
			name = "Simplify Golf Watch Watch App";
			productName = "Simplify Golf Watch Watch App";
			productReference = 308BE27D2BF536AC00C3246C /* Simplify Golf Watch Watch App.app */;
			productType = "com.apple.product-type.application";
		};
/* End PBXNativeTarget section */

/* Begin PBXProject section */
		308BE2602BF534F200C3246C /* Project object */ = {
			isa = PBXProject;
			attributes = {
				BuildIndependentTargetsInParallel = 1;
				LastSwiftUpdateCheck = 1540;
				LastUpgradeCheck = 1600;
				TargetAttributes = {
					308BE2672BF534F200C3246C = {
						CreatedOnToolsVersion = 15.4;
					};
					308BE27C2BF536AC00C3246C = {
						CreatedOnToolsVersion = 15.4;
					};
				};
			};
			buildConfigurationList = 308BE2632BF534F200C3246C /* Build configuration list for PBXProject "Simplify Golf" */;
			compatibilityVersion = "Xcode 14.0";
			developmentRegion = en;
			hasScannedForEncodings = 0;
			knownRegions = (
				en,
				Base,
			);
			mainGroup = 308BE25F2BF534F200C3246C;
			packageReferences = (
				30F9ED732C49A00900F3AC55 /* XCRemoteSwiftPackageReference "firebase-ios-sdk" */,
			);
			productRefGroup = 308BE2692BF534F200C3246C /* Products */;
			projectDirPath = "";
			projectRoot = "";
			targets = (
				308BE2672BF534F200C3246C /* Simplify Golf */,
				308BE27C2BF536AC00C3246C /* Simplify Golf Watch Watch App */,
			);
		};
/* End PBXProject section */

/* Begin PBXResourcesBuildPhase section */
		308BE2662BF534F200C3246C /* Resources */ = {
			isa = PBXResourcesBuildPhase;
			buildActionMask = 2147483647;
			files = (
				308BE2732BF534F300C3246C /* Preview Assets.xcassets in Resources */,
				30F9ED722C499F5800F3AC55 /* GoogleService-Info.plist in Resources */,
				30C97FF22C408AE1009BF89E /* courses.json in Resources */,
				308BE2702BF534F300C3246C /* Assets.xcassets in Resources */,
			);
			runOnlyForDeploymentPostprocessing = 0;
		};
		308BE27B2BF536AC00C3246C /* Resources */ = {
			isa = PBXResourcesBuildPhase;
			buildActionMask = 2147483647;
			files = (
				308BE2872BF536AD00C3246C /* Preview Assets.xcassets in Resources */,
				308BE2842BF536AD00C3246C /* Assets.xcassets in Resources */,
			);
			runOnlyForDeploymentPostprocessing = 0;
		};
/* End PBXResourcesBuildPhase section */

/* Begin PBXSourcesBuildPhase section */
		308BE2642BF534F200C3246C /* Sources */ = {
			isa = PBXSourcesBuildPhase;
			buildActionMask = 2147483647;
			files = (
				30F9EDAA2C4BECD100F3AC55 /* AddCourseMapViewModel.swift in Sources */,
				3065A1082C4C2AF100028D15 /* HoleDetailView.swift in Sources */,
				30F9ED8F2C49A42800F3AC55 /* StartRoundView.swift in Sources */,
				30F9ED9A2C49ABEB00F3AC55 /* RoundInProgressView.swift in Sources */,
				30F9ED7F2C49A0DB00F3AC55 /* AuthenticationViewModel.swift in Sources */,
				3065A10A2C4C2AF800028D15 /* HoleDetailViewModel.swift in Sources */,
				30F9EDAE2C4BF0E200F3AC55 /* CourseRatingInputView.swift in Sources */,
				30F9EDA02C49DC4500F3AC55 /* StatisticsViewModel.swift in Sources */,
				30F9ED702C499E1600F3AC55 /* GolfRound.swift in Sources */,
				30F9ED932C49A43600F3AC55 /* StatisticsView.swift in Sources */,
				30F9ED9C2C49D97B00F3AC55 /* RoundInProgressViewModel.swift in Sources */,
				30F9ED812C49A0EB00F3AC55 /* CourseViewModel.swift in Sources */,
				30F9EDA42C49DEE500F3AC55 /* CourseManagementViewModel.swift in Sources */,
				30F9ED832C49A0FC00F3AC55 /* RoundViewModel.swift in Sources */,
				30F9EDA62C49DEEE00F3AC55 /* CourseManagementView.swift in Sources */,
				30F9EDA22C49DD4E00F3AC55 /* HandicapViewModel.swift in Sources */,
				3062D64B2C4C57C400F8AD34 /* Hole.swift in Sources */,
				30F9ED982C49AA4700F3AC55 /* StartRoundViewModel.swift in Sources */,
				3065A10C2C4C2C6A00028D15 /* SearchBar.swift in Sources */,
				3062D6492C4C3A0500F8AD34 /* LocalStorageManager.swift in Sources */,
				30F9ED6C2C499DE000F3AC55 /* Course.swift in Sources */,
				30F9ED892C49A14800F3AC55 /* AuthenticationView.swift in Sources */,
				30F9ED952C49A43C00F3AC55 /* HandicapView.swift in Sources */,
				30F9EDAC2C4BF0BC00F3AC55 /* AddNewCourseView.swift in Sources */,
				30F9ED8D2C49A40F00F3AC55 /* ContentViewModel.swift in Sources */,
				308BE26E2BF534F200C3246C /* ContentView.swift in Sources */,
				30F9ED9E2C49DA8000F3AC55 /* PastRoundsViewModel.swift in Sources */,
				30F9EDA82C4BECC100F3AC55 /* AddCourseMapView.swift in Sources */,
				308BE26C2BF534F200C3246C /* Simplify_GolfApp.swift in Sources */,
				30F9ED8B2C49A32800F3AC55 /* AuthenticationService.swift in Sources */,
				30F9ED912C49A42E00F3AC55 /* PastRoundsView.swift in Sources */,
			);
			runOnlyForDeploymentPostprocessing = 0;
		};
		308BE2792BF536AC00C3246C /* Sources */ = {
			isa = PBXSourcesBuildPhase;
			buildActionMask = 2147483647;
			files = (
				308BE2822BF536AC00C3246C /* ContentView.swift in Sources */,
				308BE2802BF536AC00C3246C /* Simplify_Golf_WatchApp.swift in Sources */,
			);
			runOnlyForDeploymentPostprocessing = 0;
		};
/* End PBXSourcesBuildPhase section */

/* Begin PBXTargetDependency section */
		308BE2892BF536AD00C3246C /* PBXTargetDependency */ = {
			isa = PBXTargetDependency;
			target = 308BE27C2BF536AC00C3246C /* Simplify Golf Watch Watch App */;
			targetProxy = 308BE2882BF536AD00C3246C /* PBXContainerItemProxy */;
		};
/* End PBXTargetDependency section */

/* Begin XCBuildConfiguration section */
		308BE2742BF534F300C3246C /* Debug */ = {
			isa = XCBuildConfiguration;
			buildSettings = {
				ALWAYS_SEARCH_USER_PATHS = NO;
				ASSETCATALOG_COMPILER_GENERATE_SWIFT_ASSET_SYMBOL_EXTENSIONS = YES;
				CLANG_ANALYZER_NONNULL = YES;
				CLANG_ANALYZER_NUMBER_OBJECT_CONVERSION = YES_AGGRESSIVE;
				CLANG_CXX_LANGUAGE_STANDARD = "gnu++20";
				CLANG_ENABLE_MODULES = YES;
				CLANG_ENABLE_OBJC_ARC = YES;
				CLANG_ENABLE_OBJC_WEAK = YES;
				CLANG_WARN_BLOCK_CAPTURE_AUTORELEASING = YES;
				CLANG_WARN_BOOL_CONVERSION = YES;
				CLANG_WARN_COMMA = YES;
				CLANG_WARN_CONSTANT_CONVERSION = YES;
				CLANG_WARN_DEPRECATED_OBJC_IMPLEMENTATIONS = YES;
				CLANG_WARN_DIRECT_OBJC_ISA_USAGE = YES_ERROR;
				CLANG_WARN_DOCUMENTATION_COMMENTS = YES;
				CLANG_WARN_EMPTY_BODY = YES;
				CLANG_WARN_ENUM_CONVERSION = YES;
				CLANG_WARN_INFINITE_RECURSION = YES;
				CLANG_WARN_INT_CONVERSION = YES;
				CLANG_WARN_NON_LITERAL_NULL_CONVERSION = YES;
				CLANG_WARN_OBJC_IMPLICIT_RETAIN_SELF = YES;
				CLANG_WARN_OBJC_LITERAL_CONVERSION = YES;
				CLANG_WARN_OBJC_ROOT_CLASS = YES_ERROR;
				CLANG_WARN_QUOTED_INCLUDE_IN_FRAMEWORK_HEADER = YES;
				CLANG_WARN_RANGE_LOOP_ANALYSIS = YES;
				CLANG_WARN_STRICT_PROTOTYPES = YES;
				CLANG_WARN_SUSPICIOUS_MOVE = YES;
				CLANG_WARN_UNGUARDED_AVAILABILITY = YES_AGGRESSIVE;
				CLANG_WARN_UNREACHABLE_CODE = YES;
				CLANG_WARN__DUPLICATE_METHOD_MATCH = YES;
				COPY_PHASE_STRIP = NO;
				DEBUG_INFORMATION_FORMAT = dwarf;
				ENABLE_STRICT_OBJC_MSGSEND = YES;
				ENABLE_TESTABILITY = YES;
				ENABLE_USER_SCRIPT_SANDBOXING = YES;
				GCC_C_LANGUAGE_STANDARD = gnu17;
				GCC_DYNAMIC_NO_PIC = NO;
				GCC_NO_COMMON_BLOCKS = YES;
				GCC_OPTIMIZATION_LEVEL = 0;
				GCC_PREPROCESSOR_DEFINITIONS = (
					"DEBUG=1",
					"$(inherited)",
				);
				GCC_WARN_64_TO_32_BIT_CONVERSION = YES;
				GCC_WARN_ABOUT_RETURN_TYPE = YES_ERROR;
				GCC_WARN_UNDECLARED_SELECTOR = YES;
				GCC_WARN_UNINITIALIZED_AUTOS = YES_AGGRESSIVE;
				GCC_WARN_UNUSED_FUNCTION = YES;
				GCC_WARN_UNUSED_VARIABLE = YES;
				IPHONEOS_DEPLOYMENT_TARGET = 17.5;
				LOCALIZATION_PREFERS_STRING_CATALOGS = YES;
				MTL_ENABLE_DEBUG_INFO = INCLUDE_SOURCE;
				MTL_FAST_MATH = YES;
				ONLY_ACTIVE_ARCH = YES;
				SDKROOT = iphoneos;
				SWIFT_ACTIVE_COMPILATION_CONDITIONS = "DEBUG $(inherited)";
				SWIFT_OPTIMIZATION_LEVEL = "-Onone";
			};
			name = Debug;
		};
		308BE2752BF534F300C3246C /* Release */ = {
			isa = XCBuildConfiguration;
			buildSettings = {
				ALWAYS_SEARCH_USER_PATHS = NO;
				ASSETCATALOG_COMPILER_GENERATE_SWIFT_ASSET_SYMBOL_EXTENSIONS = YES;
				CLANG_ANALYZER_NONNULL = YES;
				CLANG_ANALYZER_NUMBER_OBJECT_CONVERSION = YES_AGGRESSIVE;
				CLANG_CXX_LANGUAGE_STANDARD = "gnu++20";
				CLANG_ENABLE_MODULES = YES;
				CLANG_ENABLE_OBJC_ARC = YES;
				CLANG_ENABLE_OBJC_WEAK = YES;
				CLANG_WARN_BLOCK_CAPTURE_AUTORELEASING = YES;
				CLANG_WARN_BOOL_CONVERSION = YES;
				CLANG_WARN_COMMA = YES;
				CLANG_WARN_CONSTANT_CONVERSION = YES;
				CLANG_WARN_DEPRECATED_OBJC_IMPLEMENTATIONS = YES;
				CLANG_WARN_DIRECT_OBJC_ISA_USAGE = YES_ERROR;
				CLANG_WARN_DOCUMENTATION_COMMENTS = YES;
				CLANG_WARN_EMPTY_BODY = YES;
				CLANG_WARN_ENUM_CONVERSION = YES;
				CLANG_WARN_INFINITE_RECURSION = YES;
				CLANG_WARN_INT_CONVERSION = YES;
				CLANG_WARN_NON_LITERAL_NULL_CONVERSION = YES;
				CLANG_WARN_OBJC_IMPLICIT_RETAIN_SELF = YES;
				CLANG_WARN_OBJC_LITERAL_CONVERSION = YES;
				CLANG_WARN_OBJC_ROOT_CLASS = YES_ERROR;
				CLANG_WARN_QUOTED_INCLUDE_IN_FRAMEWORK_HEADER = YES;
				CLANG_WARN_RANGE_LOOP_ANALYSIS = YES;
				CLANG_WARN_STRICT_PROTOTYPES = YES;
				CLANG_WARN_SUSPICIOUS_MOVE = YES;
				CLANG_WARN_UNGUARDED_AVAILABILITY = YES_AGGRESSIVE;
				CLANG_WARN_UNREACHABLE_CODE = YES;
				CLANG_WARN__DUPLICATE_METHOD_MATCH = YES;
				COPY_PHASE_STRIP = NO;
				DEBUG_INFORMATION_FORMAT = "dwarf-with-dsym";
				ENABLE_NS_ASSERTIONS = NO;
				ENABLE_STRICT_OBJC_MSGSEND = YES;
				ENABLE_USER_SCRIPT_SANDBOXING = YES;
				GCC_C_LANGUAGE_STANDARD = gnu17;
				GCC_NO_COMMON_BLOCKS = YES;
				GCC_WARN_64_TO_32_BIT_CONVERSION = YES;
				GCC_WARN_ABOUT_RETURN_TYPE = YES_ERROR;
				GCC_WARN_UNDECLARED_SELECTOR = YES;
				GCC_WARN_UNINITIALIZED_AUTOS = YES_AGGRESSIVE;
				GCC_WARN_UNUSED_FUNCTION = YES;
				GCC_WARN_UNUSED_VARIABLE = YES;
				IPHONEOS_DEPLOYMENT_TARGET = 17.5;
				LOCALIZATION_PREFERS_STRING_CATALOGS = YES;
				MTL_ENABLE_DEBUG_INFO = NO;
				MTL_FAST_MATH = YES;
				SDKROOT = iphoneos;
				SWIFT_COMPILATION_MODE = wholemodule;
				SWIFT_OPTIMIZATION_LEVEL = "-Onone";
				VALIDATE_PRODUCT = YES;
			};
			name = Release;
		};
		308BE2772BF534F300C3246C /* Debug */ = {
			isa = XCBuildConfiguration;
			buildSettings = {
				ASSETCATALOG_COMPILER_APPICON_NAME = AppIcon;
				ASSETCATALOG_COMPILER_GLOBAL_ACCENT_COLOR_NAME = AccentColor;
				CODE_SIGN_ENTITLEMENTS = "Simplify Golf/Simplify Golf.entitlements";
				CODE_SIGN_STYLE = Automatic;
				CURRENT_PROJECT_VERSION = 1;
				DEVELOPMENT_ASSET_PATHS = "\"Simplify Golf/Preview Content\"";
				DEVELOPMENT_TEAM = 65YK9B6FM6;
				ENABLE_PREVIEWS = YES;
				GENERATE_INFOPLIST_FILE = YES;
				INFOPLIST_FILE = "Simplify-Golf-Info.plist";
				INFOPLIST_KEY_LSApplicationCategoryType = "public.app-category.sports";
				INFOPLIST_KEY_NSLocationWhenInUseUsageDescription = "This app needs your location to calculate distances on the golf course.";
				INFOPLIST_KEY_UIApplicationSceneManifest_Generation = YES;
				INFOPLIST_KEY_UIApplicationSupportsIndirectInputEvents = YES;
				INFOPLIST_KEY_UILaunchScreen_Generation = YES;
				INFOPLIST_KEY_UISupportedInterfaceOrientations_iPad = "UIInterfaceOrientationPortrait UIInterfaceOrientationPortraitUpsideDown UIInterfaceOrientationLandscapeLeft UIInterfaceOrientationLandscapeRight";
				INFOPLIST_KEY_UISupportedInterfaceOrientations_iPhone = "UIInterfaceOrientationPortrait UIInterfaceOrientationLandscapeLeft UIInterfaceOrientationLandscapeRight";
				IPHONEOS_DEPLOYMENT_TARGET = 17.0;
				LD_RUNPATH_SEARCH_PATHS = (
					"$(inherited)",
					"@executable_path/Frameworks",
				);
				MARKETING_VERSION = 1.0;
				PRODUCT_BUNDLE_IDENTIFIER = "com.jaysondasher.Simplify-Golf";
				PRODUCT_NAME = "$(TARGET_NAME)";
				SWIFT_EMIT_LOC_STRINGS = YES;
				SWIFT_VERSION = 5.0;
				TARGETED_DEVICE_FAMILY = 1;
			};
			name = Debug;
		};
		308BE2782BF534F300C3246C /* Release */ = {
			isa = XCBuildConfiguration;
			buildSettings = {
				ASSETCATALOG_COMPILER_APPICON_NAME = AppIcon;
				ASSETCATALOG_COMPILER_GLOBAL_ACCENT_COLOR_NAME = AccentColor;
				CODE_SIGN_ENTITLEMENTS = "Simplify Golf/Simplify Golf.entitlements";
				CODE_SIGN_STYLE = Automatic;
				CURRENT_PROJECT_VERSION = 1;
				DEVELOPMENT_ASSET_PATHS = "\"Simplify Golf/Preview Content\"";
				DEVELOPMENT_TEAM = 65YK9B6FM6;
				ENABLE_PREVIEWS = YES;
				GENERATE_INFOPLIST_FILE = YES;
				INFOPLIST_FILE = "Simplify-Golf-Info.plist";
				INFOPLIST_KEY_LSApplicationCategoryType = "public.app-category.sports";
				INFOPLIST_KEY_NSLocationWhenInUseUsageDescription = "This app needs your location to calculate distances on the golf course.";
				INFOPLIST_KEY_UIApplicationSceneManifest_Generation = YES;
				INFOPLIST_KEY_UIApplicationSupportsIndirectInputEvents = YES;
				INFOPLIST_KEY_UILaunchScreen_Generation = YES;
				INFOPLIST_KEY_UISupportedInterfaceOrientations_iPad = "UIInterfaceOrientationPortrait UIInterfaceOrientationPortraitUpsideDown UIInterfaceOrientationLandscapeLeft UIInterfaceOrientationLandscapeRight";
				INFOPLIST_KEY_UISupportedInterfaceOrientations_iPhone = "UIInterfaceOrientationPortrait UIInterfaceOrientationLandscapeLeft UIInterfaceOrientationLandscapeRight";
				IPHONEOS_DEPLOYMENT_TARGET = 17.0;
				LD_RUNPATH_SEARCH_PATHS = (
					"$(inherited)",
					"@executable_path/Frameworks",
				);
				MARKETING_VERSION = 1.0;
				PRODUCT_BUNDLE_IDENTIFIER = "com.jaysondasher.Simplify-Golf";
				PRODUCT_NAME = "$(TARGET_NAME)";
				SWIFT_EMIT_LOC_STRINGS = YES;
				SWIFT_VERSION = 5.0;
				TARGETED_DEVICE_FAMILY = 1;
			};
			name = Release;
		};
		308BE28C2BF536AD00C3246C /* Debug */ = {
			isa = XCBuildConfiguration;
			buildSettings = {
				ASSETCATALOG_COMPILER_APPICON_NAME = AppIcon;
				ASSETCATALOG_COMPILER_GLOBAL_ACCENT_COLOR_NAME = AccentColor;
				CODE_SIGN_STYLE = Automatic;
				CURRENT_PROJECT_VERSION = 1;
				DEVELOPMENT_ASSET_PATHS = "\"Simplify Golf Watch Watch App/Preview Content\"";
				DEVELOPMENT_TEAM = 65YK9B6FM6;
				ENABLE_PREVIEWS = YES;
				GENERATE_INFOPLIST_FILE = YES;
				INFOPLIST_KEY_CFBundleDisplayName = "Simplify Golf Watch";
				INFOPLIST_KEY_UISupportedInterfaceOrientations = "UIInterfaceOrientationPortrait UIInterfaceOrientationPortraitUpsideDown";
				INFOPLIST_KEY_WKCompanionAppBundleIdentifier = "com.jaysondasher.Simplify-Golf";
				LD_RUNPATH_SEARCH_PATHS = (
					"$(inherited)",
					"@executable_path/Frameworks",
				);
				MARKETING_VERSION = 1.0;
				PRODUCT_BUNDLE_IDENTIFIER = "com.jaysondasher.Simplify-Golf.watchkitapp";
				PRODUCT_NAME = "$(TARGET_NAME)";
				SDKROOT = watchos;
				SKIP_INSTALL = YES;
				SWIFT_EMIT_LOC_STRINGS = YES;
				SWIFT_VERSION = 5.0;
				TARGETED_DEVICE_FAMILY = 4;
				WATCHOS_DEPLOYMENT_TARGET = 10.5;
			};
			name = Debug;
		};
		308BE28D2BF536AD00C3246C /* Release */ = {
			isa = XCBuildConfiguration;
			buildSettings = {
				ASSETCATALOG_COMPILER_APPICON_NAME = AppIcon;
				ASSETCATALOG_COMPILER_GLOBAL_ACCENT_COLOR_NAME = AccentColor;
				CODE_SIGN_STYLE = Automatic;
				CURRENT_PROJECT_VERSION = 1;
				DEVELOPMENT_ASSET_PATHS = "\"Simplify Golf Watch Watch App/Preview Content\"";
				DEVELOPMENT_TEAM = 65YK9B6FM6;
				ENABLE_PREVIEWS = YES;
				GENERATE_INFOPLIST_FILE = YES;
				INFOPLIST_KEY_CFBundleDisplayName = "Simplify Golf Watch";
				INFOPLIST_KEY_UISupportedInterfaceOrientations = "UIInterfaceOrientationPortrait UIInterfaceOrientationPortraitUpsideDown";
				INFOPLIST_KEY_WKCompanionAppBundleIdentifier = "com.jaysondasher.Simplify-Golf";
				LD_RUNPATH_SEARCH_PATHS = (
					"$(inherited)",
					"@executable_path/Frameworks",
				);
				MARKETING_VERSION = 1.0;
				PRODUCT_BUNDLE_IDENTIFIER = "com.jaysondasher.Simplify-Golf.watchkitapp";
				PRODUCT_NAME = "$(TARGET_NAME)";
				SDKROOT = watchos;
				SKIP_INSTALL = YES;
				SWIFT_EMIT_LOC_STRINGS = YES;
				SWIFT_VERSION = 5.0;
				TARGETED_DEVICE_FAMILY = 4;
				WATCHOS_DEPLOYMENT_TARGET = 10.5;
			};
			name = Release;
		};
/* End XCBuildConfiguration section */

/* Begin XCConfigurationList section */
		308BE2632BF534F200C3246C /* Build configuration list for PBXProject "Simplify Golf" */ = {
			isa = XCConfigurationList;
			buildConfigurations = (
				308BE2742BF534F300C3246C /* Debug */,
				308BE2752BF534F300C3246C /* Release */,
			);
			defaultConfigurationIsVisible = 0;
			defaultConfigurationName = Release;
		};
		308BE2762BF534F300C3246C /* Build configuration list for PBXNativeTarget "Simplify Golf" */ = {
			isa = XCConfigurationList;
			buildConfigurations = (
				308BE2772BF534F300C3246C /* Debug */,
				308BE2782BF534F300C3246C /* Release */,
			);
			defaultConfigurationIsVisible = 0;
			defaultConfigurationName = Release;
		};
		308BE28B2BF536AD00C3246C /* Build configuration list for PBXNativeTarget "Simplify Golf Watch Watch App" */ = {
			isa = XCConfigurationList;
			buildConfigurations = (
				308BE28C2BF536AD00C3246C /* Debug */,
				308BE28D2BF536AD00C3246C /* Release */,
			);
			defaultConfigurationIsVisible = 0;
			defaultConfigurationName = Release;
		};
/* End XCConfigurationList section */

/* Begin XCRemoteSwiftPackageReference section */
		30F9ED732C49A00900F3AC55 /* XCRemoteSwiftPackageReference "firebase-ios-sdk" */ = {
			isa = XCRemoteSwiftPackageReference;
			repositoryURL = "https://github.com/firebase/firebase-ios-sdk";
			requirement = {
				kind = upToNextMajorVersion;
				minimumVersion = 10.29.0;
			};
		};
/* End XCRemoteSwiftPackageReference section */

/* Begin XCSwiftPackageProductDependency section */
		30F9ED742C49A00900F3AC55 /* FirebaseAnalytics */ = {
			isa = XCSwiftPackageProductDependency;
			package = 30F9ED732C49A00900F3AC55 /* XCRemoteSwiftPackageReference "firebase-ios-sdk" */;
			productName = FirebaseAnalytics;
		};
		30F9ED762C49A00900F3AC55 /* FirebaseAuth */ = {
			isa = XCSwiftPackageProductDependency;
			package = 30F9ED732C49A00900F3AC55 /* XCRemoteSwiftPackageReference "firebase-ios-sdk" */;
			productName = FirebaseAuth;
		};
		30F9ED782C49A00900F3AC55 /* FirebaseFirestore */ = {
			isa = XCSwiftPackageProductDependency;
			package = 30F9ED732C49A00900F3AC55 /* XCRemoteSwiftPackageReference "firebase-ios-sdk" */;
			productName = FirebaseFirestore;
		};
		30F9ED7A2C49A00900F3AC55 /* FirebaseFirestoreSwift */ = {
			isa = XCSwiftPackageProductDependency;
			package = 30F9ED732C49A00900F3AC55 /* XCRemoteSwiftPackageReference "firebase-ios-sdk" */;
			productName = FirebaseFirestoreSwift;
		};
		30F9ED7C2C49A00900F3AC55 /* FirebaseStorage */ = {
			isa = XCSwiftPackageProductDependency;
			package = 30F9ED732C49A00900F3AC55 /* XCRemoteSwiftPackageReference "firebase-ios-sdk" */;
			productName = FirebaseStorage;
		};
/* End XCSwiftPackageProductDependency section */
	};
	rootObject = 308BE2602BF534F200C3246C /* Project object */;
}
